
Microsoft Visual Studio Solution File, Format Version 12.00
# Visual Studio 15
VisualStudioVersion = 15.0.28307.106
MinimumVisualStudioVersion = 10.0.40219.1
Project("{2150E333-8FDC-42A3-9474-1A3956D46DE8}") = "1、Application", "1、Application", "{11D78205-231A-4E7F-A78C-769A0E1E8AA7}"
EndProject
Project("{2150E333-8FDC-42A3-9474-1A3956D46DE8}") = "2、Services", "2、Services", "{B19AB89F-9091-48FC-A67F-378AAA0AD17E}"
EndProject
Project("{2150E333-8FDC-42A3-9474-1A3956D46DE8}") = "3、Repositories", "3、Repositories", "{3ED4498F-DB96-453C-9B80-21A4F5848EA7}"
EndProject
Project("{2150E333-8FDC-42A3-9474-1A3956D46DE8}") = "4、Entities", "4、Entities", "{4F3CAFF4-FC8A-4A0B-93A1-1D14D45095B7}"
EndProject
Project("{2150E333-8FDC-42A3-9474-1A3956D46DE8}") = "5、Tools", "5、Tools", "{34843EE1-BC41-46B1-A2B5-A71F5F1DC095}"
EndProject
Project("{2150E333-8FDC-42A3-9474-1A3956D46DE8}") = "6、Tests", "6、Tests", "{E7836C98-2CEE-4E29-9DF0-5D641658BD35}"
EndProject
Project("{9A19103F-16F7-4668-BE54-9A1E7A4F7556}") = "Gemini.IServices", "Gemini.IServices\Gemini.IServices.csproj", "{1267E625-F20D-450A-AF52-5A82546B5045}"
EndProject
Project("{9A19103F-16F7-4668-BE54-9A1E7A4F7556}") = "Gemini.Services", "Gemini.Services\Gemini.Services.csproj", "{0C6F8797-BF5F-4002-B469-D3DBBBCE004C}"
EndProject
Project("{9A19103F-16F7-4668-BE54-9A1E7A4F7556}") = "Gemini.IRepositories", "Gemini.IRepositories\Gemini.IRepositories.csproj", "{CBD8AD55-2000-4B00-902A-E02ABDA62318}"
EndProject
Project("{9A19103F-16F7-4668-BE54-9A1E7A4F7556}") = "Gemini.Repositories", "Gemini.Repositories\Gemini.Repositories.csproj", "{02EF5B20-D3A9-4DD1-A3B3-9149F1F35796}"
EndProject
Project("{9A19103F-16F7-4668-BE54-9A1E7A4F7556}") = "Gemini.Models", "Gemini.Models\Gemini.Models.csproj", "{066093AA-AAE8-4E65-9F15-187B375A3DEF}"
EndProject
Project("{9A19103F-16F7-4668-BE54-9A1E7A4F7556}") = "Gemini.ViewModels", "Gemini.ViewModels\Gemini.ViewModels.csproj", "{93B804DD-2A48-4C24-94CE-EA2C7F2DC7F1}"
EndProject
Project("{9A19103F-16F7-4668-BE54-9A1E7A4F7556}") = "Gemini.ToolBox", "Gemini.ToolBox\Gemini.ToolBox.csproj", "{C2DB5369-CCC2-4C70-B240-0B441537E750}"
EndProject
Project("{9A19103F-16F7-4668-BE54-9A1E7A4F7556}") = "Gemini.Web", "Gemini.Web\Gemini.Web.csproj", "{18CA2BA4-AB30-4082-A49C-C256A55B3986}"
EndProject
Project("{9A19103F-16F7-4668-BE54-9A1E7A4F7556}") = "Gemini.Redis", "Gemini.Redis\Gemini.Redis.csproj", "{DA7E798C-9D5F-4F75-AB38-066DB54B81C1}"
EndProject
Project("{FAE04EC0-301F-11D3-BF4B-00C04F79EFBC}") = "Gemini.Extensions", "Gemini.Extensions\Gemini.Extensions.csproj", "{A1CD7F73-A053-4F0E-89EA-742A77651830}"
EndProject
Global
	GlobalSection(SolutionConfigurationPlatforms) = preSolution
		Debug|Any CPU = Debug|Any CPU
		Release|Any CPU = Release|Any CPU
	EndGlobalSection
	GlobalSection(ProjectConfigurationPlatforms) = postSolution
		{1267E625-F20D-450A-AF52-5A82546B5045}.Debug|Any CPU.ActiveCfg = Debug|Any CPU
		{1267E625-F20D-450A-AF52-5A82546B5045}.Debug|Any CPU.Build.0 = Debug|Any CPU
		{1267E625-F20D-450A-AF52-5A82546B5045}.Release|Any CPU.ActiveCfg = Release|Any CPU
		{1267E625-F20D-450A-AF52-5A82546B5045}.Release|Any CPU.Build.0 = Release|Any CPU
		{0C6F8797-BF5F-4002-B469-D3DBBBCE004C}.Debug|Any CPU.ActiveCfg = Debug|Any CPU
		{0C6F8797-BF5F-4002-B469-D3DBBBCE004C}.Debug|Any CPU.Build.0 = Debug|Any CPU
		{0C6F8797-BF5F-4002-B469-D3DBBBCE004C}.Release|Any CPU.ActiveCfg = Release|Any CPU
		{0C6F8797-BF5F-4002-B469-D3DBBBCE004C}.Release|Any CPU.Build.0 = Release|Any CPU
		{CBD8AD55-2000-4B00-902A-E02ABDA62318}.Debug|Any CPU.ActiveCfg = Debug|Any CPU
		{CBD8AD55-2000-4B00-902A-E02ABDA62318}.Debug|Any CPU.Build.0 = Debug|Any CPU
		{CBD8AD55-2000-4B00-902A-E02ABDA62318}.Release|Any CPU.ActiveCfg = Release|Any CPU
		{CBD8AD55-2000-4B00-902A-E02ABDA62318}.Release|Any CPU.Build.0 = Release|Any CPU
		{02EF5B20-D3A9-4DD1-A3B3-9149F1F35796}.Debug|Any CPU.ActiveCfg = Debug|Any CPU
		{02EF5B20-D3A9-4DD1-A3B3-9149F1F35796}.Debug|Any CPU.Build.0 = Debug|Any CPU
		{02EF5B20-D3A9-4DD1-A3B3-9149F1F35796}.Release|Any CPU.ActiveCfg = Release|Any CPU
		{02EF5B20-D3A9-4DD1-A3B3-9149F1F35796}.Release|Any CPU.Build.0 = Release|Any CPU
		{066093AA-AAE8-4E65-9F15-187B375A3DEF}.Debug|Any CPU.ActiveCfg = Debug|Any CPU
		{066093AA-AAE8-4E65-9F15-187B375A3DEF}.Debug|Any CPU.Build.0 = Debug|Any CPU
		{066093AA-AAE8-4E65-9F15-187B375A3DEF}.Release|Any CPU.ActiveCfg = Release|Any CPU
		{066093AA-AAE8-4E65-9F15-187B375A3DEF}.Release|Any CPU.Build.0 = Release|Any CPU
		{93B804DD-2A48-4C24-94CE-EA2C7F2DC7F1}.Debug|Any CPU.ActiveCfg = Debug|Any CPU
		{93B804DD-2A48-4C24-94CE-EA2C7F2DC7F1}.Debug|Any CPU.Build.0 = Debug|Any CPU
		{93B804DD-2A48-4C24-94CE-EA2C7F2DC7F1}.Release|Any CPU.ActiveCfg = Release|Any CPU
		{93B804DD-2A48-4C24-94CE-EA2C7F2DC7F1}.Release|Any CPU.Build.0 = Release|Any CPU
		{C2DB5369-CCC2-4C70-B240-0B441537E750}.Debug|Any CPU.ActiveCfg = Debug|Any CPU
		{C2DB5369-CCC2-4C70-B240-0B441537E750}.Debug|Any CPU.Build.0 = Debug|Any CPU
		{C2DB5369-CCC2-4C70-B240-0B441537E750}.Release|Any CPU.ActiveCfg = Release|Any CPU
		{C2DB5369-CCC2-4C70-B240-0B441537E750}.Release|Any CPU.Build.0 = Release|Any CPU
		{18CA2BA4-AB30-4082-A49C-C256A55B3986}.Debug|Any CPU.ActiveCfg = Debug|Any CPU
		{18CA2BA4-AB30-4082-A49C-C256A55B3986}.Debug|Any CPU.Build.0 = Debug|Any CPU
		{18CA2BA4-AB30-4082-A49C-C256A55B3986}.Release|Any CPU.ActiveCfg = Release|Any CPU
		{18CA2BA4-AB30-4082-A49C-C256A55B3986}.Release|Any CPU.Build.0 = Release|Any CPU
		{DA7E798C-9D5F-4F75-AB38-066DB54B81C1}.Debug|Any CPU.ActiveCfg = Debug|Any CPU
		{DA7E798C-9D5F-4F75-AB38-066DB54B81C1}.Debug|Any CPU.Build.0 = Debug|Any CPU
		{DA7E798C-9D5F-4F75-AB38-066DB54B81C1}.Release|Any CPU.ActiveCfg = Release|Any CPU
		{DA7E798C-9D5F-4F75-AB38-066DB54B81C1}.Release|Any CPU.Build.0 = Release|Any CPU
		{A1CD7F73-A053-4F0E-89EA-742A77651830}.Debug|Any CPU.ActiveCfg = Debug|Any CPU
		{A1CD7F73-A053-4F0E-89EA-742A77651830}.Debug|Any CPU.Build.0 = Debug|Any CPU
		{A1CD7F73-A053-4F0E-89EA-742A77651830}.Release|Any CPU.ActiveCfg = Release|Any CPU
		{A1CD7F73-A053-4F0E-89EA-742A77651830}.Release|Any CPU.Build.0 = Release|Any CPU
	EndGlobalSection
	GlobalSection(SolutionProperties) = preSolution
		HideSolutionNode = FALSE
	EndGlobalSection
	GlobalSection(NestedProjects) = preSolution
		{1267E625-F20D-450A-AF52-5A82546B5045} = {B19AB89F-9091-48FC-A67F-378AAA0AD17E}
		{0C6F8797-BF5F-4002-B469-D3DBBBCE004C} = {B19AB89F-9091-48FC-A67F-378AAA0AD17E}
		{CBD8AD55-2000-4B00-902A-E02ABDA62318} = {3ED4498F-DB96-453C-9B80-21A4F5848EA7}
		{02EF5B20-D3A9-4DD1-A3B3-9149F1F35796} = {3ED4498F-DB96-453C-9B80-21A4F5848EA7}
		{066093AA-AAE8-4E65-9F15-187B375A3DEF} = {4F3CAFF4-FC8A-4A0B-93A1-1D14D45095B7}
		{93B804DD-2A48-4C24-94CE-EA2C7F2DC7F1} = {4F3CAFF4-FC8A-4A0B-93A1-1D14D45095B7}
		{C2DB5369-CCC2-4C70-B240-0B441537E750} = {34843EE1-BC41-46B1-A2B5-A71F5F1DC095}
		{18CA2BA4-AB30-4082-A49C-C256A55B3986} = {11D78205-231A-4E7F-A78C-769A0E1E8AA7}
		{DA7E798C-9D5F-4F75-AB38-066DB54B81C1} = {34843EE1-BC41-46B1-A2B5-A71F5F1DC095}
		{A1CD7F73-A053-4F0E-89EA-742A77651830} = {34843EE1-BC41-46B1-A2B5-A71F5F1DC095}
	EndGlobalSection
	GlobalSection(ExtensibilityGlobals) = postSolution
		SolutionGuid = {14BF909A-6574-4DBD-891C-7A3ED6904B96}
	EndGlobalSection
EndGlobal
